
Microsoft Visual Studio Solution File, Format Version 15.00
# Visual Studio 2017
Project("{FAE04EC0-301F-11D3-BF4B-00C04F79EFBC}") = "EasyRegistrationWeb", "EasyRegistrationWeb.csproj", "{73C2978F-D20A-4F81-8CF9-30D774E74FAE}"
EndProject
Global
	GlobalSection(SolutionConfigurationPlatforms) = preSolution
		Debug|Any CPU = Debug|Any CPU
		Release|Any CPU = Release|Any CPU
	EndGlobalSection
	GlobalSection(ProjectConfigurationPlatforms) = postSolution
		{73C2978F-D20A-4F81-8CF9-30D774E74FAE}.Debug|Any CPU.ActiveCfg = Debug|Any CPU
		{73C2978F-D20A-4F81-8CF9-30D774E74FAE}.Debug|Any CPU.Build.0 = Debug|Any CPU
		{73C2978F-D20A-4F81-8CF9-30D774E74FAE}.Release|Any CPU.ActiveCfg = Release|Any CPU
		{73C2978F-D20A-4F81-8CF9-30D774E74FAE}.Release|Any CPU.Build.0 = Release|Any CPU
	EndGlobalSection
EndGlobal
